PODS:
  - Realm (3.13.1):
    - Realm/Headers (= 3.13.1)
  - Realm/Headers (3.13.1)
  - RealmSwift (3.13.1):
    - Realm (= 3.13.1)
  - SwiftSoup (1.7.4)
  - VK-ios-sdk (1.4.6)

DEPENDENCIES:
  - RealmSwift
  - SwiftSoup
  - VK-ios-sdk

SPEC REPOS:
  https://github.com/cocoapods/specs.git:
    - Realm
    - RealmSwift
    - SwiftSoup
    - VK-ios-sdk

SPEC CHECKSUMS:
  Realm: 50071da38fe079e0735e47c9f2eae738c68c5996
  RealmSwift: 8a1e6a02b7a08cd17a31e3115143fb69fe5f3fb9
  SwiftSoup: 92f5b348c131aed8af04f4326db1579ab19fa08c
  VK-ios-sdk: 7fd48bc5aaa6b96c3197c1987eb6593f2ea67331

PODFILE CHECKSUM: ff52d72e78027a1b911d26d4c129e1d7d7b09e79

COCOAPODS: 1.6.0
